// !$*UTF8*$!
{
	archiveVersion = 1;
	classes = {
	};
	objectVersion = 50;
	objects = {

/* Begin PBXBuildFile section */
		0FB112B926B088FB0014585C /* AppDelegate.swift in Sources */ = {isa = PBXBuildFile; fileRef = 0FB112B826B088FB0014585C /* AppDelegate.swift */; };
		0FB112BB26B088FB0014585C /* SceneDelegate.swift in Sources */ = {isa = PBXBuildFile; fileRef = 0FB112BA26B088FB0014585C /* SceneDelegate.swift */; };
		0FB112C026B088FB0014585C /* Main.storyboard in Resources */ = {isa = PBXBuildFile; fileRef = 0FB112BE26B088FB0014585C /* Main.storyboard */; };
		0FB112C226B089000014585C /* Assets.xcassets in Resources */ = {isa = PBXBuildFile; fileRef = 0FB112C126B089000014585C /* Assets.xcassets */; };
		0FB112C526B089000014585C /* LaunchScreen.storyboard in Resources */ = {isa = PBXBuildFile; fileRef = 0FB112C326B089000014585C /* LaunchScreen.storyboard */; };
		0FB112DA26B0894A0014585C /* detailViewController.swift in Sources */ = {isa = PBXBuildFile; fileRef = 0FB112D326B0894A0014585C /* detailViewController.swift */; };
		0FB112DD26B0894A0014585C /* productCollectionViewCell.swift in Sources */ = {isa = PBXBuildFile; fileRef = 0FB112D626B0894A0014585C /* productCollectionViewCell.swift */; };
		0FB112DF26B0894A0014585C /* mainProductsCollectionnViewController.swift in Sources */ = {isa = PBXBuildFile; fileRef = 0FB112D826B0894A0014585C /* mainProductsCollectionnViewController.swift */; };
		0FB112E626B089DB0014585C /* booktModel.swift in Sources */ = {isa = PBXBuildFile; fileRef = 0FB112E526B089DB0014585C /* booktModel.swift */; };
/* End PBXBuildFile section */

/* Begin PBXFileReference section */
		0FB112B526B088FB0014585C /* BooksChallenge.app */ = {isa = PBXFileReference; explicitFileType = wrapper.application; includeInIndex = 0; path = BooksChallenge.app; sourceTree = BUILT_PRODUCTS_DIR; };
		0FB112B826B088FB0014585C /* AppDelegate.swift */ = {isa = PBXFileReference; lastKnownFileType = sourcecode.swift; path = AppDelegate.swift; sourceTree = "<group>"; };
		0FB112BA26B088FB0014585C /* SceneDelegate.swift */ = {isa = PBXFileReference; lastKnownFileType = sourcecode.swift; path = SceneDelegate.swift; sourceTree = "<group>"; };
		0FB112BF26B088FB0014585C /* Base */ = {isa = PBXFileReference; lastKnownFileType = file.storyboard; name = Base; path = Base.lproj/Main.storyboard; sourceTree = "<group>"; };
		0FB112C126B089000014585C /* Assets.xcassets */ = {isa = PBXFileReference; lastKnownFileType = folder.assetcatalog; path = Assets.xcassets; sourceTree = "<group>"; };
		0FB112C426B089000014585C /* Base */ = {isa = PBXFileReference; lastKnownFileType = file.storyboard; name = Base; path = Base.lproj/LaunchScreen.storyboard; sourceTree = "<group>"; };
		0FB112C626B089000014585C /* Info.plist */ = {isa = PBXFileReference; lastKnownFileType = text.plist.xml; path = Info.plist; sourceTree = "<group>"; };
		0FB112D326B0894A0014585C /* detailViewController.swift */ = {isa = PBXFileReference; fileEncoding = 4; lastKnownFileType = sourcecode.swift; path = detailViewController.swift; sourceTree = "<group>"; };
		0FB112D626B0894A0014585C /* productCollectionViewCell.swift */ = {isa = PBXFileReference; fileEncoding = 4; lastKnownFileType = sourcecode.swift; path = productCollectionViewCell.swift; sourceTree = "<group>"; };
		0FB112D826B0894A0014585C /* mainProductsCollectionnViewController.swift */ = {isa = PBXFileReference; fileEncoding = 4; lastKnownFileType = sourcecode.swift; path = mainProductsCollectionnViewController.swift; sourceTree = "<group>"; };
		0FB112E526B089DB0014585C /* booktModel.swift */ = {isa = PBXFileReference; fileEncoding = 4; lastKnownFileType = sourcecode.swift; path = booktModel.swift; sourceTree = "<group>"; };
/* End PBXFileReference section */

/* Begin PBXFrameworksBuildPhase section */
		0FB112B226B088FB0014585C /* Frameworks */ = {
			isa = PBXFrameworksBuildPhase;
			buildActionMask = 2147483647;
			files = (
			);
			runOnlyForDeploymentPostprocessing = 0;
		};
/* End PBXFrameworksBuildPhase section */

/* Begin PBXGroup section */
		0FB112AC26B088FA0014585C = {
			isa = PBXGroup;
			children = (
				0FB112B726B088FB0014585C /* BooksChallenge */,
				0FB112B626B088FB0014585C /* Products */,
			);
			sourceTree = "<group>";
		};
		0FB112B626B088FB0014585C /* Products */ = {
			isa = PBXGroup;
			children = (
				0FB112B526B088FB0014585C /* BooksChallenge.app */,
			);
			name = Products;
			sourceTree = "<group>";
		};
		0FB112B726B088FB0014585C /* BooksChallenge */ = {
			isa = PBXGroup;
			children = (
				0FB112B826B088FB0014585C /* AppDelegate.swift */,
				0FB112D126B0894A0014585C /* ViewController */,
				0FB112E926B08C220014585C /* Model */,
				0FB112ED26B08C4D0014585C /* Storyboards */,
				0FB112C126B089000014585C /* Assets.xcassets */,
				0FB112C626B089000014585C /* Info.plist */,
			);
			path = BooksChallenge;
			sourceTree = "<group>";
		};
		0FB112D126B0894A0014585C /* ViewController */ = {
			isa = PBXGroup;
			children = (
				0FB112D326B0894A0014585C /* detailViewController.swift */,
				0FB112D626B0894A0014585C /* productCollectionViewCell.swift */,
				0FB112D826B0894A0014585C /* mainProductsCollectionnViewController.swift */,
			);
			name = ViewController;
			path = "../../Copia de Merli/Merli/ViewController";
			sourceTree = "<group>";
		};
		0FB112E926B08C220014585C /* Model */ = {
			isa = PBXGroup;
			children = (
				0FB112E526B089DB0014585C /* booktModel.swift */,
			);
			path = Model;
			sourceTree = "<group>";
		};
		0FB112ED26B08C4D0014585C /* Storyboards */ = {
			isa = PBXGroup;
			children = (
				0FB112BA26B088FB0014585C /* SceneDelegate.swift */,
				0FB112BE26B088FB0014585C /* Main.storyboard */,
				0FB112C326B089000014585C /* LaunchScreen.storyboard */,
			);
			path = Storyboards;
			sourceTree = "<group>";
		};
/* End PBXGroup section */

/* Begin PBXNativeTarget section */
		0FB112B426B088FB0014585C /* BooksChallenge */ = {
			isa = PBXNativeTarget;
			buildConfigurationList = 0FB112C926B089000014585C /* Build configuration list for PBXNativeTarget "BooksChallenge" */;
			buildPhases = (
				0FB112B126B088FB0014585C /* Sources */,
				0FB112B226B088FB0014585C /* Frameworks */,
				0FB112B326B088FB0014585C /* Resources */,
			);
			buildRules = (
			);
			dependencies = (
			);
			name = BooksChallenge;
			productName = BooksChallenge;
			productReference = 0FB112B526B088FB0014585C /* BooksChallenge.app */;
			productType = "com.apple.product-type.application";
		};
/* End PBXNativeTarget section */

/* Begin PBXProject section */
		0FB112AD26B088FA0014585C /* Project object */ = {
			isa = PBXProject;
			attributes = {
				LastSwiftUpdateCheck = 1240;
				LastUpgradeCheck = 1240;
				TargetAttributes = {
					0FB112B426B088FB0014585C = {
						CreatedOnToolsVersion = 12.4;
					};
				};
			};
			buildConfigurationList = 0FB112B026B088FA0014585C /* Build configuration list for PBXProject "BooksChallenge" */;
			compatibilityVersion = "Xcode 9.3";
			developmentRegion = en;
			hasScannedForEncodings = 0;
			knownRegions = (
				en,
				Base,
			);
			mainGroup = 0FB112AC26B088FA0014585C;
			productRefGroup = 0FB112B626B088FB0014585C /* Products */;
			projectDirPath = "";
			projectRoot = "";
			targets = (
				0FB112B426B088FB0014585C /* BooksChallenge */,
			);
		};
/* End PBXProject section */

/* Begin PBXResourcesBuildPhase section */
		0FB112B326B088FB0014585C /* Resources */ = {
			isa = PBXResourcesBuildPhase;
			buildActionMask = 2147483647;
			files = (
				0FB112C526B089000014585C /* LaunchScreen.storyboard in Resources */,
				0FB112C226B089000014585C /* Assets.xcassets in Resources */,
				0FB112C026B088FB0014585C /* Main.storyboard in Resources */,
			);
			runOnlyForDeploymentPostprocessing = 0;
		};
/* End PBXResourcesBuildPhase section */

/* Begin PBXSourcesBuildPhase section */
		0FB112B126B088FB0014585C /* Sources */ = {
			isa = PBXSourcesBuildPhase;
			buildActionMask = 2147483647;
			files = (
				0FB112E626B089DB0014585C /* booktModel.swift in Sources */,
				0FB112B926B088FB0014585C /* AppDelegate.swift in Sources */,
				0FB112DF26B0894A0014585C /* mainProductsCollectionnViewController.swift in Sources */,
				0FB112BB26B088FB0014585C /* SceneDelegate.swift in Sources */,
				0FB112DD26B0894A0014585C /* productCollectionViewCell.swift in Sources */,
				0FB112DA26B0894A0014585C /* detailViewController.swift in Sources */,
			);
			runOnlyForDeploymentPostprocessing = 0;
		};
/* End PBXSourcesBuildPhase section */

/* Begin PBXVariantGroup section */
		0FB112BE26B088FB0014585C /* Main.storyboard */ = {
			isa = PBXVariantGroup;
			children = (
				0FB112BF26B088FB0014585C /* Base */,
			);
			name = Main.storyboard;
			sourceTree = "<group>";
		};
		0FB112C326B089000014585C /* LaunchScreen.storyboard */ = {
			isa = PBXVariantGroup;
			children = (
				0FB112C426B089000014585C /* Base */,
			);
			name = LaunchScreen.storyboard;
			sourceTree = "<group>";
		};
/* End PBXVariantGroup section */

/* Begin XCBuildConfiguration section */
		0FB112C726B089000014585C /* Debug */ = {
			isa = XCBuildConfiguration;
			buildSettings = {
				ALWAYS_SEARCH_USER_PATHS = NO;
				CLANG_ANALYZER_NONNULL = YES;
				CLANG_ANALYZER_NUMBER_OBJECT_CONVERSION = YES_AGGRESSIVE;
				CLANG_CXX_LANGUAGE_STANDARD = "gnu++14";
				CLANG_CXX_LIBRARY = "libc++";
				CLANG_ENABLE_MODULES = YES;
				CLANG_ENABLE_OBJC_ARC = YES;
				CLANG_ENABLE_OBJC_WEAK = YES;
				CLANG_WARN_BLOCK_CAPTURE_AUTORELEASING = YES;
				CLANG_WARN_BOOL_CONVERSION = YES;
				CLANG_WARN_COMMA = YES;
				CLANG_WARN_CONSTANT_CONVERSION = YES;
				CLANG_WARN_DEPRECATED_OBJC_IMPLEMENTATIONS = YES;
				CLANG_WARN_DIRECT_OBJC_ISA_USAGE = YES_ERROR;
				CLANG_WARN_DOCUMENTATION_COMMENTS = YES;
				CLANG_WARN_EMPTY_BODY = YES;
				CLANG_WARN_ENUM_CONVERSION = YES;
				CLANG_WARN_INFINITE_RECURSION = YES;
				CLANG_WARN_INT_CONVERSION = YES;
				CLANG_WARN_NON_LITERAL_NULL_CONVERSION = YES;
				CLANG_WARN_OBJC_IMPLICIT_RETAIN_SELF = YES;
				CLANG_WARN_OBJC_LITERAL_CONVERSION = YES;
				CLANG_WARN_OBJC_ROOT_CLASS = YES_ERROR;
				CLANG_WARN_QUOTED_INCLUDE_IN_FRAMEWORK_HEADER = YES;
				CLANG_WARN_RANGE_LOOP_ANALYSIS = YES;
				CLANG_WARN_STRICT_PROTOTYPES = YES;
				CLANG_WARN_SUSPICIOUS_MOVE = YES;
				CLANG_WARN_UNGUARDED_AVAILABILITY = YES_AGGRESSIVE;
				CLANG_WARN_UNREACHABLE_CODE = YES;
				CLANG_WARN__DUPLICATE_METHOD_MATCH = YES;
				COPY_PHASE_STRIP = NO;
				DEBUG_INFORMATION_FORMAT = dwarf;
				ENABLE_STRICT_OBJC_MSGSEND = YES;
				ENABLE_TESTABILITY = YES;
				GCC_C_LANGUAGE_STANDARD = gnu11;
				GCC_DYNAMIC_NO_PIC = NO;
				GCC_NO_COMMON_BLOCKS = YES;
				GCC_OPTIMIZATION_LEVEL = 0;
				GCC_PREPROCESSOR_DEFINITIONS = (
					"DEBUG=1",
					"$(inherited)",
				);
				GCC_WARN_64_TO_32_BIT_CONVERSION = YES;
				GCC_WARN_ABOUT_RETURN_TYPE = YES_ERROR;
				GCC_WARN_UNDECLARED_SELECTOR = YES;
				GCC_WARN_UNINITIALIZED_AUTOS = YES_AGGRESSIVE;
				GCC_WARN_UNUSED_FUNCTION = YES;
				GCC_WARN_UNUSED_VARIABLE = YES;
				IPHONEOS_DEPLOYMENT_TARGET = 14.4;
				MTL_ENABLE_DEBUG_INFO = INCLUDE_SOURCE;
				MTL_FAST_MATH = YES;
				ONLY_ACTIVE_ARCH = YES;
				SDKROOT = iphoneos;
				SWIFT_ACTIVE_COMPILATION_CONDITIONS = DEBUG;
				SWIFT_OPTIMIZATION_LEVEL = "-Onone";
			};
			name = Debug;
		};
		0FB112C826B089000014585C /* Release */ = {
			isa = XCBuildConfiguration;
			buildSettings = {
				ALWAYS_SEARCH_USER_PATHS = NO;
				CLANG_ANALYZER_NONNULL = YES;
				CLANG_ANALYZER_NUMBER_OBJECT_CONVERSION = YES_AGGRESSIVE;
				CLANG_CXX_LANGUAGE_STANDARD = "gnu++14";
				CLANG_CXX_LIBRARY = "libc++";
				CLANG_ENABLE_MODULES = YES;
				CLANG_ENABLE_OBJC_ARC = YES;
				CLANG_ENABLE_OBJC_WEAK = YES;
				CLANG_WARN_BLOCK_CAPTURE_AUTORELEASING = YES;
				CLANG_WARN_BOOL_CONVERSION = YES;
				CLANG_WARN_COMMA = YES;
				CLANG_WARN_CONSTANT_CONVERSION = YES;
				CLANG_WARN_DEPRECATED_OBJC_IMPLEMENTATIONS = YES;
				CLANG_WARN_DIRECT_OBJC_ISA_USAGE = YES_ERROR;
				CLANG_WARN_DOCUMENTATION_COMMENTS = YES;
				CLANG_WARN_EMPTY_BODY = YES;
				CLANG_WARN_ENUM_CONVERSION = YES;
				CLANG_WARN_INFINITE_RECURSION = YES;
				CLANG_WARN_INT_CONVERSION = YES;
				CLANG_WARN_NON_LITERAL_NULL_CONVERSION = YES;
				CLANG_WARN_OBJC_IMPLICIT_RETAIN_SELF = YES;
				CLANG_WARN_OBJC_LITERAL_CONVERSION = YES;
				CLANG_WARN_OBJC_ROOT_CLASS = YES_ERROR;
				CLANG_WARN_QUOTED_INCLUDE_IN_FRAMEWORK_HEADER = YES;
				CLANG_WARN_RANGE_LOOP_ANALYSIS = YES;
				CLANG_WARN_STRICT_PROTOTYPES = YES;
				CLANG_WARN_SUSPICIOUS_MOVE = YES;
				CLANG_WARN_UNGUARDED_AVAILABILITY = YES_AGGRESSIVE;
				CLANG_WARN_UNREACHABLE_CODE = YES;
				CLANG_WARN__DUPLICATE_METHOD_MATCH = YES;
				COPY_PHASE_STRIP = NO;
				DEBUG_INFORMATION_FORMAT = "dwarf-with-dsym";
				ENABLE_NS_ASSERTIONS = NO;
				ENABLE_STRICT_OBJC_MSGSEND = YES;
				GCC_C_LANGUAGE_STANDARD = gnu11;
				GCC_NO_COMMON_BLOCKS = YES;
				GCC_WARN_64_TO_32_BIT_CONVERSION = YES;
				GCC_WARN_ABOUT_RETURN_TYPE = YES_ERROR;
				GCC_WARN_UNDECLARED_SELECTOR = YES;
				GCC_WARN_UNINITIALIZED_AUTOS = YES_AGGRESSIVE;
				GCC_WARN_UNUSED_FUNCTION = YES;
				GCC_WARN_UNUSED_VARIABLE = YES;
				IPHONEOS_DEPLOYMENT_TARGET = 14.4;
				MTL_ENABLE_DEBUG_INFO = NO;
				MTL_FAST_MATH = YES;
				SDKROOT = iphoneos;
				SWIFT_COMPILATION_MODE = wholemodule;
				SWIFT_OPTIMIZATION_LEVEL = "-O";
				VALIDATE_PRODUCT = YES;
			};
			name = Release;
		};
		0FB112CA26B089000014585C /* Debug */ = {
			isa = XCBuildConfiguration;
			buildSettings = {
				ASSETCATALOG_COMPILER_APPICON_NAME = AppIcon;
				ASSETCATALOG_COMPILER_GLOBAL_ACCENT_COLOR_NAME = AccentColor;
				CODE_SIGN_STYLE = Automatic;
				DEVELOPMENT_TEAM = 5ZUWX7L79T;
				INFOPLIST_FILE = BooksChallenge/Info.plist;
				LD_RUNPATH_SEARCH_PATHS = (
					"$(inherited)",
					"@executable_path/Frameworks",
				);
				PRODUCT_BUNDLE_IDENTIFIER = JGB.BooksChallenge;
				PRODUCT_NAME = "$(TARGET_NAME)";
				SWIFT_VERSION = 5.0;
				TARGETED_DEVICE_FAMILY = "1,2";
			};
			name = Debug;
		};
		0FB112CB26B089000014585C /* Release */ = {
			isa = XCBuildConfiguration;
			buildSettings = {
				ASSETCATALOG_COMPILER_APPICON_NAME = AppIcon;
				ASSETCATALOG_COMPILER_GLOBAL_ACCENT_COLOR_NAME = AccentColor;
				CODE_SIGN_STYLE = Automatic;
				DEVELOPMENT_TEAM = 5ZUWX7L79T;
				INFOPLIST_FILE = BooksChallenge/Info.plist;
				LD_RUNPATH_SEARCH_PATHS = (
					"$(inherited)",
					"@executable_path/Frameworks",
				);
				PRODUCT_BUNDLE_IDENTIFIER = JGB.BooksChallenge;
				PRODUCT_NAME = "$(TARGET_NAME)";
				SWIFT_VERSION = 5.0;
				TARGETED_DEVICE_FAMILY = "1,2";
			};
			name = Release;
		};
/* End XCBuildConfiguration section */

/* Begin XCConfigurationList section */
		0FB112B026B088FA0014585C /* Build configuration list for PBXProject "BooksChallenge" */ = {
			isa = XCConfigurationList;
			buildConfigurations = (
				0FB112C726B089000014585C /* Debug */,
				0FB112C826B089000014585C /* Release */,
			);
			defaultConfigurationIsVisible = 0;
			defaultConfigurationName = Release;
		};
		0FB112C926B089000014585C /* Build configuration list for PBXNativeTarget "BooksChallenge" */ = {
			isa = XCConfigurationList;
			buildConfigurations = (
				0FB112CA26B089000014585C /* Debug */,
				0FB112CB26B089000014585C /* Release */,
			);
			defaultConfigurationIsVisible = 0;
			defaultConfigurationName = Release;
		};
/* End XCConfigurationList section */
	};
	rootObject = 0FB112AD26B088FA0014585C /* Project object */;
}
